// !$*UTF8*$!
{
	archiveVersion = 1;
	classes = {
	};
	objectVersion = 77;
	objects = {

/* Begin PBXBuildFile section */
		029F8DDE51C91970FD96AA35 /* User.swift in Sources */ = {isa = PBXBuildFile; fileRef = 0DFEDF2B9873AF83DAD15E81 /* User.swift */; };
		054D553F473BF6CAF8A60C19 /* GameEngine.swift in Sources */ = {isa = PBXBuildFile; fileRef = 1AEB0D7D23803CB7EF1BFD55 /* GameEngine.swift */; };
		0DAFB042FCD0ED6889AF6B8D /* AnimationHelpers.swift in Sources */ = {isa = PBXBuildFile; fileRef = 0E6495C749C145DCC06A4119 /* AnimationHelpers.swift */; };
		14FEEAFAC80D6EB4E04D7C7C /* CribbageBoardView.swift in Sources */ = {isa = PBXBuildFile; fileRef = A5843180EF1B46026B3721C9 /* CribbageBoardView.swift */; };
		175FC45B1729C5D6AE5B04E2 /* GameBoardView.swift in Sources */ = {isa = PBXBuildFile; fileRef = 50E902C0C3243B6857CE3A9E /* GameBoardView.swift */; };
		1F370BAB856EAC380B687378 /* PlayPhase.swift in Sources */ = {isa = PBXBuildFile; fileRef = B1E986B7D6BA95868018D7D2 /* PlayPhase.swift */; };
		20B14E36F45BAB964C0B88F5 /* Configuration.storekit in Resources */ = {isa = PBXBuildFile; fileRef = AF86EF902C32A5807181A552 /* Configuration.storekit */; };
		221FA31AB4E1036BEB0AE776 /* AnalyticsManager.swift in Sources */ = {isa = PBXBuildFile; fileRef = 4F28378DFA44355E5F03B5C2 /* AnalyticsManager.swift */; };
		23BD93ACA8E6A30118D7C4EE /* CosmeticItem.swift in Sources */ = {isa = PBXBuildFile; fileRef = 51DFF58FAB9857E614E40982 /* CosmeticItem.swift */; };
		24B051EA20EBC864D3F38343 /* GameCenterManager.swift in Sources */ = {isa = PBXBuildFile; fileRef = C598AC4DFFB08768020AD8F9 /* GameCenterManager.swift */; };
		25A2A2F286254ED497BE1023 /* ThemePickerView.swift in Sources */ = {isa = PBXBuildFile; fileRef = 4D995F8DAA78116C879DB121 /* ThemePickerView.swift */; };
		2918C67F7D74748DA8A40D7A /* Constants.swift in Sources */ = {isa = PBXBuildFile; fileRef = 2E07DF68449CC062181A44B4 /* Constants.swift */; };
		34A598D8F7FB00B3CBDC123F /* CardView.swift in Sources */ = {isa = PBXBuildFile; fileRef = 18DB89C988981B3EFD5C58CA /* CardView.swift */; };
		36EBCB32B0D3B3FB968131F4 /* CosmeticRegistry.swift in Sources */ = {isa = PBXBuildFile; fileRef = 662845B473DFA07F7621EF71 /* CosmeticRegistry.swift */; };
		3A955910C491B4B2AC55B5E9 /* PhrasePacks.swift in Sources */ = {isa = PBXBuildFile; fileRef = 9D1FE9218C409B97CBCC8B97 /* PhrasePacks.swift */; };
		3BAE3B86A3A1A2B27A50E68E /* PhrasePack.swift in Sources */ = {isa = PBXBuildFile; fileRef = 96EA373DEAA2CBEB9A63FDD8 /* PhrasePack.swift */; };
		3C27279F7E886C2E75FD4BC6 /* CardSizeEnvironment.swift in Sources */ = {isa = PBXBuildFile; fileRef = B5A4D131C9A603AE0547B325 /* CardSizeEnvironment.swift */; };
		43BA9691D321EBE4B1B35821 /* PlayPhaseTests.swift in Sources */ = {isa = PBXBuildFile; fileRef = A3487270295B5CF697C3DC48 /* PlayPhaseTests.swift */; };
		4EE26CEE8B51AFE32F62F86D /* PaywallView.swift in Sources */ = {isa = PBXBuildFile; fileRef = 22699546BD6120DFA1B1A906 /* PaywallView.swift */; };
		5225479A4E6251E954B5B385 /* DeckView.swift in Sources */ = {isa = PBXBuildFile; fileRef = 1C5AD574A3AC4ED85160792A /* DeckView.swift */; };
		5856128D3566A8990EF8ED62 /* CosmeticRegistryTests.swift in Sources */ = {isa = PBXBuildFile; fileRef = 2767428C8410B731EAB15A5A /* CosmeticRegistryTests.swift */; };
		59DA49985F00CC3527698582 /* CosmeticItems+Themes.swift in Sources */ = {isa = PBXBuildFile; fileRef = F33066AFBD2842D4B58C792C /* CosmeticItems+Themes.swift */; };
		5C0A0F4234B27CFB27A367E7 /* PrivacyPolicyView.swift in Sources */ = {isa = PBXBuildFile; fileRef = 4BEA8465368F31484432965F /* PrivacyPolicyView.swift */; };
		61CAFA57ED8BC3E51C09A3BE /* Deck.swift in Sources */ = {isa = PBXBuildFile; fileRef = 587E8094E6027D8EAFE30202 /* Deck.swift */; };
		637854AD0F7ECB3B5E9650CD /* HapticManager.swift in Sources */ = {isa = PBXBuildFile; fileRef = 12E03452F0CFE95B5DB25883 /* HapticManager.swift */; };
		66BF670492221CE8921E0F83 /* TelemetryDeck in Frameworks */ = {isa = PBXBuildFile; productRef = 3AEC2AA2F19ECFF6ADC05960 /* TelemetryDeck */; };
		6A4D5A1395F5E500F0E6DE40 /* ScoringCalloutView.swift in Sources */ = {isa = PBXBuildFile; fileRef = AFBF8DB0F5972BAFF91570B4 /* ScoringCalloutView.swift */; };
		6BFAAD834E5294B099F07943 /* AIProtocol.swift in Sources */ = {isa = PBXBuildFile; fileRef = E74F6CAEA289BE054592F85E /* AIProtocol.swift */; };
		716B224CF7DB4209AC1BE672 /* GameState.swift in Sources */ = {isa = PBXBuildFile; fileRef = 76C74977A19BC49777145619 /* GameState.swift */; };
		728944A0987FD2F13850968C /* CloudSyncManager.swift in Sources */ = {isa = PBXBuildFile; fileRef = C9314ABFB4D20CB39FADDFE2 /* CloudSyncManager.swift */; };
		73EED096B7F4570C7DC6FCA1 /* HowToPlayView.swift in Sources */ = {isa = PBXBuildFile; fileRef = 62B79D876241777F04510143 /* HowToPlayView.swift */; };
		7462FE62B2B1808B293C0A2F /* PegThemes.swift in Sources */ = {isa = PBXBuildFile; fileRef = 78ABD6E628B64EAED68079DB /* PegThemes.swift */; };
		750B01449ADF02C544A29A6E /* CribbageAppApp.swift in Sources */ = {isa = PBXBuildFile; fileRef = 8A71A4D88BBACFDED78272BF /* CribbageAppApp.swift */; };
		7521D019BA32E6ADAB78E34D /* CosmeticItems+PhrasePacks.swift in Sources */ = {isa = PBXBuildFile; fileRef = B2ECD9AEC57376926789D19F /* CosmeticItems+PhrasePacks.swift */; };
		785B15D4DE4983A641C004B7 /* Scoring.swift in Sources */ = {isa = PBXBuildFile; fileRef = 8F80F966A72AF38CC204CD18 /* Scoring.swift */; };
		7AC5FF60B67DB2C6F4B990EC /* ContentView.swift in Sources */ = {isa = PBXBuildFile; fileRef = CC8CECE3C606E9CCA2F02E61 /* ContentView.swift */; };
		7F5685B66362D74456E2E09C /* TutorialOverlayView.swift in Sources */ = {isa = PBXBuildFile; fileRef = A3B61DE52168D6A022332897 /* TutorialOverlayView.swift */; };
		858341BA1BAEE1A353561116 /* HardAI.swift in Sources */ = {isa = PBXBuildFile; fileRef = 0AA28D6157ECA9F550184D78 /* HardAI.swift */; };
		85C23A4F21716537B725E0D7 /* GameEngineTests.swift in Sources */ = {isa = PBXBuildFile; fileRef = 97650273E09901D07D5EBD3E /* GameEngineTests.swift */; };
		86AF000D6201E1A831B4E8A3 /* Card.swift in Sources */ = {isa = PBXBuildFile; fileRef = 9CD3DEF5A2AFE6CBFE5C5465 /* Card.swift */; };
		87A36B718A7B842E1F817A3C /* AITests.swift in Sources */ = {isa = PBXBuildFile; fileRef = A158CEE251162854C6511B68 /* AITests.swift */; };
		90A400B3A13870425DA984DD /* SoundPack.swift in Sources */ = {isa = PBXBuildFile; fileRef = 5F3169787D4006372C769DA2 /* SoundPack.swift */; };
		90CECC107460539E1DBD6C2D /* CosmeticItems+PegThemes.swift in Sources */ = {isa = PBXBuildFile; fileRef = E6F0376679311AD38E5F906A /* CosmeticItems+PegThemes.swift */; };
		96451395D3A6BBB80C172011 /* SoundManager.swift in Sources */ = {isa = PBXBuildFile; fileRef = FF0DE3DEE7F89EE11DA3FD7B /* SoundManager.swift */; };
		9802BB8BC887176E16FE7DA0 /* PhrasePackTests.swift in Sources */ = {isa = PBXBuildFile; fileRef = 4327652EA7ED7135D7F40E12 /* PhrasePackTests.swift */; };
		9AD7FE8306A4CDEA81FD547A /* PegThemeTests.swift in Sources */ = {isa = PBXBuildFile; fileRef = AAF07AA9B889EE151A559056 /* PegThemeTests.swift */; };
		9B9F42B02A8142CECA5D5489 /* StoreManager.swift in Sources */ = {isa = PBXBuildFile; fileRef = C01D1B80544DC8ED9F835943 /* StoreManager.swift */; };
		9BA00C46D04375E53CCC5D80 /* AdManager.swift in Sources */ = {isa = PBXBuildFile; fileRef = 3F80E2A4B0D93B4B325C10F4 /* AdManager.swift */; };
		9C8A2EB70B44D98BFC487BCE /* ServerModels.swift in Sources */ = {isa = PBXBuildFile; fileRef = 4F16A53FF0DF504F9F9008C1 /* ServerModels.swift */; };
		9D9FF0806D9D002996FC34B3 /* AIDifficulty.swift in Sources */ = {isa = PBXBuildFile; fileRef = 33A6A1B1AA8EA8CBFE898D8E /* AIDifficulty.swift */; };
		A55237FC27DE1D86DA51A658 /* StatsManager.swift in Sources */ = {isa = PBXBuildFile; fileRef = E030DD3CF4837D4C4C44C236 /* StatsManager.swift */; };
		A6733B4B076AEF9791B90615 /* ScoringTests.swift in Sources */ = {isa = PBXBuildFile; fileRef = AC166BD84563EF94C851CB97 /* ScoringTests.swift */; };
		A8F365E9FC9BAF1DC847CD3F /* PlayAreaView.swift in Sources */ = {isa = PBXBuildFile; fileRef = 3C61206A93B9376985756EB8 /* PlayAreaView.swift */; };
		AB46FB4381DF5E01B28C7827 /* AdaptiveGameLayout.swift in Sources */ = {isa = PBXBuildFile; fileRef = 7FF285A067E0D69E106A177D /* AdaptiveGameLayout.swift */; };
		AC7A9533BA22F0E343F422CB /* Theme.swift in Sources */ = {isa = PBXBuildFile; fileRef = 8C9072C8C39ED621841345A6 /* Theme.swift */; };
		B647D9AF8A70D9076DC9C8B2 /* ScoreBreakdownView.swift in Sources */ = {isa = PBXBuildFile; fileRef = 57E6C2B9534FF9832B484A4D /* ScoreBreakdownView.swift */; };
		BC92C30CEFE842D0FB0CEF28 /* GameViewModel.swift in Sources */ = {isa = PBXBuildFile; fileRef = 9AA61F2576AF35FD42E54A0B /* GameViewModel.swift */; };
		BFB43201056A5B95049B4296 /* ActionBarView.swift in Sources */ = {isa = PBXBuildFile; fileRef = 03C9E95DBA0E02C77B1961D9 /* ActionBarView.swift */; };
		CF42656DF4F6A82D59A6F8E8 /* SettingsView.swift in Sources */ = {isa = PBXBuildFile; fileRef = DF3C509E24FBC40F85AD6D7C /* SettingsView.swift */; };
		D891CAED1209BD22D66B4D57 /* ThemeManager.swift in Sources */ = {isa = PBXBuildFile; fileRef = 571D51AD48686B7E464D3B8F /* ThemeManager.swift */; };
		E05837780C9DCBC5930F9C62 /* MultiplayerViewModel.swift in Sources */ = {isa = PBXBuildFile; fileRef = 492D7CB16E3A1884924971BE /* MultiplayerViewModel.swift */; };
		E074E1C23982527E873E36BE /* Assets.xcassets in Resources */ = {isa = PBXBuildFile; fileRef = 8F6F5F21574ED24741A4A322 /* Assets.xcassets */; };
		E0E4D5FB8DDFFFC2A0D561F4 /* HandOverView.swift in Sources */ = {isa = PBXBuildFile; fileRef = 23A20848A0B39788EB0300CC /* HandOverView.swift */; };
		E0EA41F3DEB12A54C299B466 /* CardFanView.swift in Sources */ = {isa = PBXBuildFile; fileRef = CD15AC727590EB5D488FD7DD /* CardFanView.swift */; };
		E3269F5F9B5927E31348856B /* CosmeticSlot.swift in Sources */ = {isa = PBXBuildFile; fileRef = 7EAC834D015367C4F4607547 /* CosmeticSlot.swift */; };
		E57E7DD23A85BFEA14DF8C66 /* GameOverView.swift in Sources */ = {isa = PBXBuildFile; fileRef = 14CE43B2E3B6E9C47EF1BEF8 /* GameOverView.swift */; };
		E6C77CCA5B59953FC1AC0F00 /* CosmeticItems+SoundPacks.swift in Sources */ = {isa = PBXBuildFile; fileRef = 0C06B3BDB7F25C53E620AB92 /* CosmeticItems+SoundPacks.swift */; };
		F0168D0B15503351FB603832 /* EasyAI.swift in Sources */ = {isa = PBXBuildFile; fileRef = F2B50602FADD7EBEA096BE3C /* EasyAI.swift */; };
		F17628926B25A84AB1F5ADB1 /* StatsView.swift in Sources */ = {isa = PBXBuildFile; fileRef = 30D1EF60D63F69E4B01F357C /* StatsView.swift */; };
		F3E0AB19AE339F192939AABB /* SoundPackTests.swift in Sources */ = {isa = PBXBuildFile; fileRef = CE4985295FA1340F9537D13C /* SoundPackTests.swift */; };
		F8913AB141B84587ED146601 /* LeaderboardsView.swift in Sources */ = {isa = PBXBuildFile; fileRef = 46AF2B3C085DB78C4BD6AD99 /* LeaderboardsView.swift */; };
		F8B79F0B63D2EC0605C5B4C4 /* MediumAI.swift in Sources */ = {isa = PBXBuildFile; fileRef = 47EFAAE3DBA8A691CF1E3EB8 /* MediumAI.swift */; };
		FA65BC930067FE13615750BE /* SoundPacks.swift in Sources */ = {isa = PBXBuildFile; fileRef = 20F50DF99BA6B38589572F2A /* SoundPacks.swift */; };
		FA880C8EDFEB8D33AC37F615 /* MainMenuView.swift in Sources */ = {isa = PBXBuildFile; fileRef = 289A5B4BF6E9EAAF8FF72831 /* MainMenuView.swift */; };
		FE6FBA837C7820EB65B714DE /* PegTheme.swift in Sources */ = {isa = PBXBuildFile; fileRef = 97D196B3BD095F665F82F7D4 /* PegTheme.swift */; };
/* End PBXBuildFile section */

/* Begin PBXContainerItemProxy section */
		F77D40751A7E946F4E6DB225 /* PBXContainerItemProxy */ = {
			isa = PBXContainerItemProxy;
			containerPortal = BD42E3C65A71947C76621891 /* Project object */;
			proxyType = 1;
			remoteGlobalIDString = 45FD731DCF030801FF50CCF5;
			remoteInfo = CribbageApp;
		};
/* End PBXContainerItemProxy section */

/* Begin PBXFileReference section */
		03C9E95DBA0E02C77B1961D9 /* ActionBarView.swift */ = {isa = PBXFileReference; lastKnownFileType = sourcecode.swift; path = ActionBarView.swift; sourceTree = "<group>"; };
		0AA28D6157ECA9F550184D78 /* HardAI.swift */ = {isa = PBXFileReference; lastKnownFileType = sourcecode.swift; path = HardAI.swift; sourceTree = "<group>"; };
		0C06B3BDB7F25C53E620AB92 /* CosmeticItems+SoundPacks.swift */ = {isa = PBXFileReference; lastKnownFileType = sourcecode.swift; path = "CosmeticItems+SoundPacks.swift"; sourceTree = "<group>"; };
		0DFEDF2B9873AF83DAD15E81 /* User.swift */ = {isa = PBXFileReference; lastKnownFileType = sourcecode.swift; path = User.swift; sourceTree = "<group>"; };
		0E6495C749C145DCC06A4119 /* AnimationHelpers.swift */ = {isa = PBXFileReference; lastKnownFileType = sourcecode.swift; path = AnimationHelpers.swift; sourceTree = "<group>"; };
		12E03452F0CFE95B5DB25883 /* HapticManager.swift */ = {isa = PBXFileReference; lastKnownFileType = sourcecode.swift; path = HapticManager.swift; sourceTree = "<group>"; };
		1467CE11B57FE639814FC6ED /* CribbageAppTests.xctest */ = {isa = PBXFileReference; includeInIndex = 0; lastKnownFileType = wrapper.cfbundle; path = CribbageAppTests.xctest; sourceTree = BUILT_PRODUCTS_DIR; };
		14CE43B2E3B6E9C47EF1BEF8 /* GameOverView.swift */ = {isa = PBXFileReference; lastKnownFileType = sourcecode.swift; path = GameOverView.swift; sourceTree = "<group>"; };
		18DB89C988981B3EFD5C58CA /* CardView.swift */ = {isa = PBXFileReference; lastKnownFileType = sourcecode.swift; path = CardView.swift; sourceTree = "<group>"; };
		1AEB0D7D23803CB7EF1BFD55 /* GameEngine.swift */ = {isa = PBXFileReference; lastKnownFileType = sourcecode.swift; path = GameEngine.swift; sourceTree = "<group>"; };
		1C5AD574A3AC4ED85160792A /* DeckView.swift */ = {isa = PBXFileReference; lastKnownFileType = sourcecode.swift; path = DeckView.swift; sourceTree = "<group>"; };
		20F50DF99BA6B38589572F2A /* SoundPacks.swift */ = {isa = PBXFileReference; lastKnownFileType = sourcecode.swift; path = SoundPacks.swift; sourceTree = "<group>"; };
		22699546BD6120DFA1B1A906 /* PaywallView.swift */ = {isa = PBXFileReference; lastKnownFileType = sourcecode.swift; path = PaywallView.swift; sourceTree = "<group>"; };
		23A20848A0B39788EB0300CC /* HandOverView.swift */ = {isa = PBXFileReference; lastKnownFileType = sourcecode.swift; path = HandOverView.swift; sourceTree = "<group>"; };
		2767428C8410B731EAB15A5A /* CosmeticRegistryTests.swift */ = {isa = PBXFileReference; lastKnownFileType = sourcecode.swift; path = CosmeticRegistryTests.swift; sourceTree = "<group>"; };
		289A5B4BF6E9EAAF8FF72831 /* MainMenuView.swift */ = {isa = PBXFileReference; lastKnownFileType = sourcecode.swift; path = MainMenuView.swift; sourceTree = "<group>"; };
		2E07DF68449CC062181A44B4 /* Constants.swift */ = {isa = PBXFileReference; lastKnownFileType = sourcecode.swift; path = Constants.swift; sourceTree = "<group>"; };
		30D1EF60D63F69E4B01F357C /* StatsView.swift */ = {isa = PBXFileReference; lastKnownFileType = sourcecode.swift; path = StatsView.swift; sourceTree = "<group>"; };
		33A6A1B1AA8EA8CBFE898D8E /* AIDifficulty.swift */ = {isa = PBXFileReference; lastKnownFileType = sourcecode.swift; path = AIDifficulty.swift; sourceTree = "<group>"; };
		3C61206A93B9376985756EB8 /* PlayAreaView.swift */ = {isa = PBXFileReference; lastKnownFileType = sourcecode.swift; path = PlayAreaView.swift; sourceTree = "<group>"; };
		3F80E2A4B0D93B4B325C10F4 /* AdManager.swift */ = {isa = PBXFileReference; lastKnownFileType = sourcecode.swift; path = AdManager.swift; sourceTree = "<group>"; };
		4327652EA7ED7135D7F40E12 /* PhrasePackTests.swift */ = {isa = PBXFileReference; lastKnownFileType = sourcecode.swift; path = PhrasePackTests.swift; sourceTree = "<group>"; };
		46AF2B3C085DB78C4BD6AD99 /* LeaderboardsView.swift */ = {isa = PBXFileReference; lastKnownFileType = sourcecode.swift; path = LeaderboardsView.swift; sourceTree = "<group>"; };
		47EFAAE3DBA8A691CF1E3EB8 /* MediumAI.swift */ = {isa = PBXFileReference; lastKnownFileType = sourcecode.swift; path = MediumAI.swift; sourceTree = "<group>"; };
		492D7CB16E3A1884924971BE /* MultiplayerViewModel.swift */ = {isa = PBXFileReference; lastKnownFileType = sourcecode.swift; path = MultiplayerViewModel.swift; sourceTree = "<group>"; };
		4BEA8465368F31484432965F /* PrivacyPolicyView.swift */ = {isa = PBXFileReference; lastKnownFileType = sourcecode.swift; path = PrivacyPolicyView.swift; sourceTree = "<group>"; };
		4D995F8DAA78116C879DB121 /* ThemePickerView.swift */ = {isa = PBXFileReference; lastKnownFileType = sourcecode.swift; path = ThemePickerView.swift; sourceTree = "<group>"; };
		4F16A53FF0DF504F9F9008C1 /* ServerModels.swift */ = {isa = PBXFileReference; lastKnownFileType = sourcecode.swift; path = ServerModels.swift; sourceTree = "<group>"; };
		4F28378DFA44355E5F03B5C2 /* AnalyticsManager.swift */ = {isa = PBXFileReference; lastKnownFileType = sourcecode.swift; path = AnalyticsManager.swift; sourceTree = "<group>"; };
		50E902C0C3243B6857CE3A9E /* GameBoardView.swift */ = {isa = PBXFileReference; lastKnownFileType = sourcecode.swift; path = GameBoardView.swift; sourceTree = "<group>"; };
		51DFF58FAB9857E614E40982 /* CosmeticItem.swift */ = {isa = PBXFileReference; lastKnownFileType = sourcecode.swift; path = CosmeticItem.swift; sourceTree = "<group>"; };
		571D51AD48686B7E464D3B8F /* ThemeManager.swift */ = {isa = PBXFileReference; lastKnownFileType = sourcecode.swift; path = ThemeManager.swift; sourceTree = "<group>"; };
		57E6C2B9534FF9832B484A4D /* ScoreBreakdownView.swift */ = {isa = PBXFileReference; lastKnownFileType = sourcecode.swift; path = ScoreBreakdownView.swift; sourceTree = "<group>"; };
		587E8094E6027D8EAFE30202 /* Deck.swift */ = {isa = PBXFileReference; lastKnownFileType = sourcecode.swift; path = Deck.swift; sourceTree = "<group>"; };
		5F3169787D4006372C769DA2 /* SoundPack.swift */ = {isa = PBXFileReference; lastKnownFileType = sourcecode.swift; path = SoundPack.swift; sourceTree = "<group>"; };
		62B79D876241777F04510143 /* HowToPlayView.swift */ = {isa = PBXFileReference; lastKnownFileType = sourcecode.swift; path = HowToPlayView.swift; sourceTree = "<group>"; };
		662845B473DFA07F7621EF71 /* CosmeticRegistry.swift */ = {isa = PBXFileReference; lastKnownFileType = sourcecode.swift; path = CosmeticRegistry.swift; sourceTree = "<group>"; };
		76C74977A19BC49777145619 /* GameState.swift */ = {isa = PBXFileReference; lastKnownFileType = sourcecode.swift; path = GameState.swift; sourceTree = "<group>"; };
		78ABD6E628B64EAED68079DB /* PegThemes.swift */ = {isa = PBXFileReference; lastKnownFileType = sourcecode.swift; path = PegThemes.swift; sourceTree = "<group>"; };
		7EAC834D015367C4F4607547 /* CosmeticSlot.swift */ = {isa = PBXFileReference; lastKnownFileType = sourcecode.swift; path = CosmeticSlot.swift; sourceTree = "<group>"; };
		7FF285A067E0D69E106A177D /* AdaptiveGameLayout.swift */ = {isa = PBXFileReference; lastKnownFileType = sourcecode.swift; path = AdaptiveGameLayout.swift; sourceTree = "<group>"; };
		8A71A4D88BBACFDED78272BF /* CribbageAppApp.swift */ = {isa = PBXFileReference; lastKnownFileType = sourcecode.swift; path = CribbageAppApp.swift; sourceTree = "<group>"; };
		8C9072C8C39ED621841345A6 /* Theme.swift */ = {isa = PBXFileReference; lastKnownFileType = sourcecode.swift; path = Theme.swift; sourceTree = "<group>"; };
		8F6F5F21574ED24741A4A322 /* Assets.xcassets */ = {isa = PBXFileReference; lastKnownFileType = folder.assetcatalog; path = Assets.xcassets; sourceTree = "<group>"; };
		8F80F966A72AF38CC204CD18 /* Scoring.swift */ = {isa = PBXFileReference; lastKnownFileType = sourcecode.swift; path = Scoring.swift; sourceTree = "<group>"; };
		96EA373DEAA2CBEB9A63FDD8 /* PhrasePack.swift */ = {isa = PBXFileReference; lastKnownFileType = sourcecode.swift; path = PhrasePack.swift; sourceTree = "<group>"; };
		97650273E09901D07D5EBD3E /* GameEngineTests.swift */ = {isa = PBXFileReference; lastKnownFileType = sourcecode.swift; path = GameEngineTests.swift; sourceTree = "<group>"; };
		97D196B3BD095F665F82F7D4 /* PegTheme.swift */ = {isa = PBXFileReference; lastKnownFileType = sourcecode.swift; path = PegTheme.swift; sourceTree = "<group>"; };
		9AA61F2576AF35FD42E54A0B /* GameViewModel.swift */ = {isa = PBXFileReference; lastKnownFileType = sourcecode.swift; path = GameViewModel.swift; sourceTree = "<group>"; };
		9CD3DEF5A2AFE6CBFE5C5465 /* Card.swift */ = {isa = PBXFileReference; lastKnownFileType = sourcecode.swift; path = Card.swift; sourceTree = "<group>"; };
		9D1FE9218C409B97CBCC8B97 /* PhrasePacks.swift */ = {isa = PBXFileReference; lastKnownFileType = sourcecode.swift; path = PhrasePacks.swift; sourceTree = "<group>"; };
		A158CEE251162854C6511B68 /* AITests.swift */ = {isa = PBXFileReference; lastKnownFileType = sourcecode.swift; path = AITests.swift; sourceTree = "<group>"; };
		A3487270295B5CF697C3DC48 /* PlayPhaseTests.swift */ = {isa = PBXFileReference; lastKnownFileType = sourcecode.swift; path = PlayPhaseTests.swift; sourceTree = "<group>"; };
		A3B61DE52168D6A022332897 /* TutorialOverlayView.swift */ = {isa = PBXFileReference; lastKnownFileType = sourcecode.swift; path = TutorialOverlayView.swift; sourceTree = "<group>"; };
		A5843180EF1B46026B3721C9 /* CribbageBoardView.swift */ = {isa = PBXFileReference; lastKnownFileType = sourcecode.swift; path = CribbageBoardView.swift; sourceTree = "<group>"; };
		AAF07AA9B889EE151A559056 /* PegThemeTests.swift */ = {isa = PBXFileReference; lastKnownFileType = sourcecode.swift; path = PegThemeTests.swift; sourceTree = "<group>"; };
		AC166BD84563EF94C851CB97 /* ScoringTests.swift */ = {isa = PBXFileReference; lastKnownFileType = sourcecode.swift; path = ScoringTests.swift; sourceTree = "<group>"; };
		AF86EF902C32A5807181A552 /* Configuration.storekit */ = {isa = PBXFileReference; path = Configuration.storekit; sourceTree = "<group>"; };
		AFBF8DB0F5972BAFF91570B4 /* ScoringCalloutView.swift */ = {isa = PBXFileReference; lastKnownFileType = sourcecode.swift; path = ScoringCalloutView.swift; sourceTree = "<group>"; };
		B1E986B7D6BA95868018D7D2 /* PlayPhase.swift */ = {isa = PBXFileReference; lastKnownFileType = sourcecode.swift; path = PlayPhase.swift; sourceTree = "<group>"; };
		B2ECD9AEC57376926789D19F /* CosmeticItems+PhrasePacks.swift */ = {isa = PBXFileReference; lastKnownFileType = sourcecode.swift; path = "CosmeticItems+PhrasePacks.swift"; sourceTree = "<group>"; };
		B5A4D131C9A603AE0547B325 /* CardSizeEnvironment.swift */ = {isa = PBXFileReference; lastKnownFileType = sourcecode.swift; path = CardSizeEnvironment.swift; sourceTree = "<group>"; };
		C01D1B80544DC8ED9F835943 /* StoreManager.swift */ = {isa = PBXFileReference; lastKnownFileType = sourcecode.swift; path = StoreManager.swift; sourceTree = "<group>"; };
		C598AC4DFFB08768020AD8F9 /* GameCenterManager.swift */ = {isa = PBXFileReference; lastKnownFileType = sourcecode.swift; path = GameCenterManager.swift; sourceTree = "<group>"; };
		C9314ABFB4D20CB39FADDFE2 /* CloudSyncManager.swift */ = {isa = PBXFileReference; lastKnownFileType = sourcecode.swift; path = CloudSyncManager.swift; sourceTree = "<group>"; };
		CC8CECE3C606E9CCA2F02E61 /* ContentView.swift */ = {isa = PBXFileReference; lastKnownFileType = sourcecode.swift; path = ContentView.swift; sourceTree = "<group>"; };
		CD15AC727590EB5D488FD7DD /* CardFanView.swift */ = {isa = PBXFileReference; lastKnownFileType = sourcecode.swift; path = CardFanView.swift; sourceTree = "<group>"; };
		CE4985295FA1340F9537D13C /* SoundPackTests.swift */ = {isa = PBXFileReference; lastKnownFileType = sourcecode.swift; path = SoundPackTests.swift; sourceTree = "<group>"; };
		D571190280CFB9632F72C5FC /* CribbageApp.app */ = {isa = PBXFileReference; includeInIndex = 0; lastKnownFileType = wrapper.application; path = CribbageApp.app; sourceTree = BUILT_PRODUCTS_DIR; };
		DF3C509E24FBC40F85AD6D7C /* SettingsView.swift */ = {isa = PBXFileReference; lastKnownFileType = sourcecode.swift; path = SettingsView.swift; sourceTree = "<group>"; };
		E030DD3CF4837D4C4C44C236 /* StatsManager.swift */ = {isa = PBXFileReference; lastKnownFileType = sourcecode.swift; path = StatsManager.swift; sourceTree = "<group>"; };
		E6F0376679311AD38E5F906A /* CosmeticItems+PegThemes.swift */ = {isa = PBXFileReference; lastKnownFileType = sourcecode.swift; path = "CosmeticItems+PegThemes.swift"; sourceTree = "<group>"; };
		E74F6CAEA289BE054592F85E /* AIProtocol.swift */ = {isa = PBXFileReference; lastKnownFileType = sourcecode.swift; path = AIProtocol.swift; sourceTree = "<group>"; };
		F2B50602FADD7EBEA096BE3C /* EasyAI.swift */ = {isa = PBXFileReference; lastKnownFileType = sourcecode.swift; path = EasyAI.swift; sourceTree = "<group>"; };
		F33066AFBD2842D4B58C792C /* CosmeticItems+Themes.swift */ = {isa = PBXFileReference; lastKnownFileType = sourcecode.swift; path = "CosmeticItems+Themes.swift"; sourceTree = "<group>"; };
		FF0DE3DEE7F89EE11DA3FD7B /* SoundManager.swift */ = {isa = PBXFileReference; lastKnownFileType = sourcecode.swift; path = SoundManager.swift; sourceTree = "<group>"; };
/* End PBXFileReference section */

/* Begin PBXFrameworksBuildPhase section */
		D928C21BE0DC9396B3BA1135 /* Frameworks */ = {
			isa = PBXFrameworksBuildPhase;
			buildActionMask = 2147483647;
			files = (
				66BF670492221CE8921E0F83 /* TelemetryDeck in Frameworks */,
			);
			runOnlyForDeploymentPostprocessing = 0;
		};
/* End PBXFrameworksBuildPhase section */

/* Begin PBXGroup section */
		197AC22B3D6DD1BC9A3D916F /* Cosmetics */ = {
			isa = PBXGroup;
			children = (
				51DFF58FAB9857E614E40982 /* CosmeticItem.swift */,
				E6F0376679311AD38E5F906A /* CosmeticItems+PegThemes.swift */,
				B2ECD9AEC57376926789D19F /* CosmeticItems+PhrasePacks.swift */,
				0C06B3BDB7F25C53E620AB92 /* CosmeticItems+SoundPacks.swift */,
				F33066AFBD2842D4B58C792C /* CosmeticItems+Themes.swift */,
				662845B473DFA07F7621EF71 /* CosmeticRegistry.swift */,
				7EAC834D015367C4F4607547 /* CosmeticSlot.swift */,
				97D196B3BD095F665F82F7D4 /* PegTheme.swift */,
				78ABD6E628B64EAED68079DB /* PegThemes.swift */,
				96EA373DEAA2CBEB9A63FDD8 /* PhrasePack.swift */,
				9D1FE9218C409B97CBCC8B97 /* PhrasePacks.swift */,
				5F3169787D4006372C769DA2 /* SoundPack.swift */,
				20F50DF99BA6B38589572F2A /* SoundPacks.swift */,
			);
			path = Cosmetics;
			sourceTree = "<group>";
		};
		1F582779EAB56463B794C756 /* AI */ = {
			isa = PBXGroup;
			children = (
				E74F6CAEA289BE054592F85E /* AIProtocol.swift */,
				F2B50602FADD7EBEA096BE3C /* EasyAI.swift */,
				0AA28D6157ECA9F550184D78 /* HardAI.swift */,
				47EFAAE3DBA8A691CF1E3EB8 /* MediumAI.swift */,
			);
			path = AI;
			sourceTree = "<group>";
		};
		28EA0C2011A6C30E4C207F13 /* CribbageAppTests */ = {
			isa = PBXGroup;
			children = (
				A158CEE251162854C6511B68 /* AITests.swift */,
				2767428C8410B731EAB15A5A /* CosmeticRegistryTests.swift */,
				97650273E09901D07D5EBD3E /* GameEngineTests.swift */,
				AAF07AA9B889EE151A559056 /* PegThemeTests.swift */,
				4327652EA7ED7135D7F40E12 /* PhrasePackTests.swift */,
				A3487270295B5CF697C3DC48 /* PlayPhaseTests.swift */,
				AC166BD84563EF94C851CB97 /* ScoringTests.swift */,
				CE4985295FA1340F9537D13C /* SoundPackTests.swift */,
			);
			path = CribbageAppTests;
			sourceTree = "<group>";
		};
		328756FB6D279194AA4D5251 /* Products */ = {
			isa = PBXGroup;
			children = (
				D571190280CFB9632F72C5FC /* CribbageApp.app */,
				1467CE11B57FE639814FC6ED /* CribbageAppTests.xctest */,
			);
			name = Products;
			sourceTree = "<group>";
		};
		3AF3A707AA2DC81D03E7CBB2 /* CribbageApp */ = {
			isa = PBXGroup;
			children = (
				8F6F5F21574ED24741A4A322 /* Assets.xcassets */,
				AF86EF902C32A5807181A552 /* Configuration.storekit */,
				CC8CECE3C606E9CCA2F02E61 /* ContentView.swift */,
				8A71A4D88BBACFDED78272BF /* CribbageAppApp.swift */,
				197AC22B3D6DD1BC9A3D916F /* Cosmetics */,
				65073A6FECEEB75F5324D2EC /* Engine */,
				5F3BA6B2A3C152504B9B1BC5 /* Models */,
				DC99AD2BE329EE3A2F246EFC /* Utilities */,
				92CD00865A217B6443B53920 /* ViewModels */,
				3EEC5C813D06A8CD638809D5 /* Views */,
			);
			path = CribbageApp;
			sourceTree = "<group>";
		};
		3EEC5C813D06A8CD638809D5 /* Views */ = {
			isa = PBXGroup;
			children = (
				B5021D0AAB3E7377F0B597E9 /* Game */,
				707ACA28623CEF87F055447E /* Menu */,
				BBA88449EF78C26B80F6915B /* Settings */,
			);
			path = Views;
			sourceTree = "<group>";
		};
		5F3BA6B2A3C152504B9B1BC5 /* Models */ = {
			isa = PBXGroup;
			children = (
				33A6A1B1AA8EA8CBFE898D8E /* AIDifficulty.swift */,
				9CD3DEF5A2AFE6CBFE5C5465 /* Card.swift */,
				76C74977A19BC49777145619 /* GameState.swift */,
				4F16A53FF0DF504F9F9008C1 /* ServerModels.swift */,
				0DFEDF2B9873AF83DAD15E81 /* User.swift */,
			);
			path = Models;
			sourceTree = "<group>";
		};
		65073A6FECEEB75F5324D2EC /* Engine */ = {
			isa = PBXGroup;
			children = (
				587E8094E6027D8EAFE30202 /* Deck.swift */,
				1AEB0D7D23803CB7EF1BFD55 /* GameEngine.swift */,
				B1E986B7D6BA95868018D7D2 /* PlayPhase.swift */,
				8F80F966A72AF38CC204CD18 /* Scoring.swift */,
				1F582779EAB56463B794C756 /* AI */,
			);
			path = Engine;
			sourceTree = "<group>";
		};
		707ACA28623CEF87F055447E /* Menu */ = {
			isa = PBXGroup;
			children = (
				62B79D876241777F04510143 /* HowToPlayView.swift */,
				46AF2B3C085DB78C4BD6AD99 /* LeaderboardsView.swift */,
				289A5B4BF6E9EAAF8FF72831 /* MainMenuView.swift */,
				30D1EF60D63F69E4B01F357C /* StatsView.swift */,
			);
			path = Menu;
			sourceTree = "<group>";
		};
		92CD00865A217B6443B53920 /* ViewModels */ = {
			isa = PBXGroup;
			children = (
				9AA61F2576AF35FD42E54A0B /* GameViewModel.swift */,
				492D7CB16E3A1884924971BE /* MultiplayerViewModel.swift */,
			);
			path = ViewModels;
			sourceTree = "<group>";
		};
		9AECCBBF7C160D4590F8AF70 = {
			isa = PBXGroup;
			children = (
				3AF3A707AA2DC81D03E7CBB2 /* CribbageApp */,
				28EA0C2011A6C30E4C207F13 /* CribbageAppTests */,
				328756FB6D279194AA4D5251 /* Products */,
			);
			sourceTree = "<group>";
		};
		B5021D0AAB3E7377F0B597E9 /* Game */ = {
			isa = PBXGroup;
			children = (
				03C9E95DBA0E02C77B1961D9 /* ActionBarView.swift */,
				7FF285A067E0D69E106A177D /* AdaptiveGameLayout.swift */,
				CD15AC727590EB5D488FD7DD /* CardFanView.swift */,
				18DB89C988981B3EFD5C58CA /* CardView.swift */,
				A5843180EF1B46026B3721C9 /* CribbageBoardView.swift */,
				1C5AD574A3AC4ED85160792A /* DeckView.swift */,
				50E902C0C3243B6857CE3A9E /* GameBoardView.swift */,
				14CE43B2E3B6E9C47EF1BEF8 /* GameOverView.swift */,
				23A20848A0B39788EB0300CC /* HandOverView.swift */,
				3C61206A93B9376985756EB8 /* PlayAreaView.swift */,
				57E6C2B9534FF9832B484A4D /* ScoreBreakdownView.swift */,
				AFBF8DB0F5972BAFF91570B4 /* ScoringCalloutView.swift */,
				A3B61DE52168D6A022332897 /* TutorialOverlayView.swift */,
			);
			path = Game;
			sourceTree = "<group>";
		};
		BBA88449EF78C26B80F6915B /* Settings */ = {
			isa = PBXGroup;
			children = (
				22699546BD6120DFA1B1A906 /* PaywallView.swift */,
				4BEA8465368F31484432965F /* PrivacyPolicyView.swift */,
				DF3C509E24FBC40F85AD6D7C /* SettingsView.swift */,
				4D995F8DAA78116C879DB121 /* ThemePickerView.swift */,
			);
			path = Settings;
			sourceTree = "<group>";
		};
		DC99AD2BE329EE3A2F246EFC /* Utilities */ = {
			isa = PBXGroup;
			children = (
				3F80E2A4B0D93B4B325C10F4 /* AdManager.swift */,
				4F28378DFA44355E5F03B5C2 /* AnalyticsManager.swift */,
				0E6495C749C145DCC06A4119 /* AnimationHelpers.swift */,
				B5A4D131C9A603AE0547B325 /* CardSizeEnvironment.swift */,
				C9314ABFB4D20CB39FADDFE2 /* CloudSyncManager.swift */,
				2E07DF68449CC062181A44B4 /* Constants.swift */,
				C598AC4DFFB08768020AD8F9 /* GameCenterManager.swift */,
				12E03452F0CFE95B5DB25883 /* HapticManager.swift */,
				FF0DE3DEE7F89EE11DA3FD7B /* SoundManager.swift */,
				E030DD3CF4837D4C4C44C236 /* StatsManager.swift */,
				C01D1B80544DC8ED9F835943 /* StoreManager.swift */,
				8C9072C8C39ED621841345A6 /* Theme.swift */,
				571D51AD48686B7E464D3B8F /* ThemeManager.swift */,
			);
			path = Utilities;
			sourceTree = "<group>";
		};
/* End PBXGroup section */

/* Begin PBXNativeTarget section */
		45FD731DCF030801FF50CCF5 /* CribbageApp */ = {
			isa = PBXNativeTarget;
			buildConfigurationList = BF3EC7737F50F6BE3674386F /* Build configuration list for PBXNativeTarget "CribbageApp" */;
			buildPhases = (
				D770FD7EEDB54E637FACBD07 /* Sources */,
				CA2471501F83ABF1C8BB46F0 /* Resources */,
				D928C21BE0DC9396B3BA1135 /* Frameworks */,
			);
			buildRules = (
			);
			dependencies = (
			);
			name = CribbageApp;
			packageProductDependencies = (
				3AEC2AA2F19ECFF6ADC05960 /* TelemetryDeck */,
			);
			productName = CribbageApp;
			productReference = D571190280CFB9632F72C5FC /* CribbageApp.app */;
			productType = "com.apple.product-type.application";
		};
		B0C8EAF17EB2CF2C9AAFA5DF /* CribbageAppTests */ = {
			isa = PBXNativeTarget;
			buildConfigurationList = 29FD3120C3A6B5D8E217DEC0 /* Build configuration list for PBXNativeTarget "CribbageAppTests" */;
			buildPhases = (
				20E84FF3CB8D39C8B569D20A /* Sources */,
			);
			buildRules = (
			);
			dependencies = (
				D52D9936D6FC2462931376AD /* PBXTargetDependency */,
			);
			name = CribbageAppTests;
			packageProductDependencies = (
			);
			productName = CribbageAppTests;
			productReference = 1467CE11B57FE639814FC6ED /* CribbageAppTests.xctest */;
			productType = "com.apple.product-type.bundle.unit-test";
		};
/* End PBXNativeTarget section */

/* Begin PBXProject section */
		BD42E3C65A71947C76621891 /* Project object */ = {
			isa = PBXProject;
			attributes = {
				BuildIndependentTargetsInParallel = YES;
				LastUpgradeCheck = 1600;
			};
			buildConfigurationList = 1369EA80CD258DBA59ACCEA4 /* Build configuration list for PBXProject "CribbageApp" */;
			compatibilityVersion = "Xcode 14.0";
			developmentRegion = en;
			hasScannedForEncodings = 0;
			knownRegions = (
				Base,
				en,
			);
			mainGroup = 9AECCBBF7C160D4590F8AF70;
			minimizedProjectReferenceProxies = 1;
			packageReferences = (
				8A79EC6B3A0BCFE4922FF903 /* XCRemoteSwiftPackageReference "SwiftSDK" */,
			);
			preferredProjectObjectVersion = 77;
			projectDirPath = "";
			projectRoot = "";
			targets = (
				45FD731DCF030801FF50CCF5 /* CribbageApp */,
				B0C8EAF17EB2CF2C9AAFA5DF /* CribbageAppTests */,
			);
		};
/* End PBXProject section */

/* Begin PBXResourcesBuildPhase section */
		CA2471501F83ABF1C8BB46F0 /* Resources */ = {
			isa = PBXResourcesBuildPhase;
			buildActionMask = 2147483647;
			files = (
				E074E1C23982527E873E36BE /* Assets.xcassets in Resources */,
				20B14E36F45BAB964C0B88F5 /* Configuration.storekit in Resources */,
			);
			runOnlyForDeploymentPostprocessing = 0;
		};
/* End PBXResourcesBuildPhase section */

/* Begin PBXSourcesBuildPhase section */
		20E84FF3CB8D39C8B569D20A /* Sources */ = {
			isa = PBXSourcesBuildPhase;
			buildActionMask = 2147483647;
			files = (
				87A36B718A7B842E1F817A3C /* AITests.swift in Sources */,
				5856128D3566A8990EF8ED62 /* CosmeticRegistryTests.swift in Sources */,
				85C23A4F21716537B725E0D7 /* GameEngineTests.swift in Sources */,
				9AD7FE8306A4CDEA81FD547A /* PegThemeTests.swift in Sources */,
				9802BB8BC887176E16FE7DA0 /* PhrasePackTests.swift in Sources */,
				43BA9691D321EBE4B1B35821 /* PlayPhaseTests.swift in Sources */,
				A6733B4B076AEF9791B90615 /* ScoringTests.swift in Sources */,
				F3E0AB19AE339F192939AABB /* SoundPackTests.swift in Sources */,
			);
			runOnlyForDeploymentPostprocessing = 0;
		};
		D770FD7EEDB54E637FACBD07 /* Sources */ = {
			isa = PBXSourcesBuildPhase;
			buildActionMask = 2147483647;
			files = (
				9D9FF0806D9D002996FC34B3 /* AIDifficulty.swift in Sources */,
				6BFAAD834E5294B099F07943 /* AIProtocol.swift in Sources */,
				BFB43201056A5B95049B4296 /* ActionBarView.swift in Sources */,
				9BA00C46D04375E53CCC5D80 /* AdManager.swift in Sources */,
				AB46FB4381DF5E01B28C7827 /* AdaptiveGameLayout.swift in Sources */,
				221FA31AB4E1036BEB0AE776 /* AnalyticsManager.swift in Sources */,
				0DAFB042FCD0ED6889AF6B8D /* AnimationHelpers.swift in Sources */,
				86AF000D6201E1A831B4E8A3 /* Card.swift in Sources */,
				E0EA41F3DEB12A54C299B466 /* CardFanView.swift in Sources */,
				3C27279F7E886C2E75FD4BC6 /* CardSizeEnvironment.swift in Sources */,
				34A598D8F7FB00B3CBDC123F /* CardView.swift in Sources */,
				728944A0987FD2F13850968C /* CloudSyncManager.swift in Sources */,
				2918C67F7D74748DA8A40D7A /* Constants.swift in Sources */,
				7AC5FF60B67DB2C6F4B990EC /* ContentView.swift in Sources */,
				23BD93ACA8E6A30118D7C4EE /* CosmeticItem.swift in Sources */,
				90CECC107460539E1DBD6C2D /* CosmeticItems+PegThemes.swift in Sources */,
				7521D019BA32E6ADAB78E34D /* CosmeticItems+PhrasePacks.swift in Sources */,
				E6C77CCA5B59953FC1AC0F00 /* CosmeticItems+SoundPacks.swift in Sources */,
				59DA49985F00CC3527698582 /* CosmeticItems+Themes.swift in Sources */,
				36EBCB32B0D3B3FB968131F4 /* CosmeticRegistry.swift in Sources */,
				E3269F5F9B5927E31348856B /* CosmeticSlot.swift in Sources */,
				750B01449ADF02C544A29A6E /* CribbageAppApp.swift in Sources */,
				14FEEAFAC80D6EB4E04D7C7C /* CribbageBoardView.swift in Sources */,
				61CAFA57ED8BC3E51C09A3BE /* Deck.swift in Sources */,
				5225479A4E6251E954B5B385 /* DeckView.swift in Sources */,
				F0168D0B15503351FB603832 /* EasyAI.swift in Sources */,
				175FC45B1729C5D6AE5B04E2 /* GameBoardView.swift in Sources */,
				24B051EA20EBC864D3F38343 /* GameCenterManager.swift in Sources */,
				054D553F473BF6CAF8A60C19 /* GameEngine.swift in Sources */,
				E57E7DD23A85BFEA14DF8C66 /* GameOverView.swift in Sources */,
				716B224CF7DB4209AC1BE672 /* GameState.swift in Sources */,
				BC92C30CEFE842D0FB0CEF28 /* GameViewModel.swift in Sources */,
				E0E4D5FB8DDFFFC2A0D561F4 /* HandOverView.swift in Sources */,
				637854AD0F7ECB3B5E9650CD /* HapticManager.swift in Sources */,
				858341BA1BAEE1A353561116 /* HardAI.swift in Sources */,
				73EED096B7F4570C7DC6FCA1 /* HowToPlayView.swift in Sources */,
				F8913AB141B84587ED146601 /* LeaderboardsView.swift in Sources */,
				FA880C8EDFEB8D33AC37F615 /* MainMenuView.swift in Sources */,
				F8B79F0B63D2EC0605C5B4C4 /* MediumAI.swift in Sources */,
				E05837780C9DCBC5930F9C62 /* MultiplayerViewModel.swift in Sources */,
				4EE26CEE8B51AFE32F62F86D /* PaywallView.swift in Sources */,
				FE6FBA837C7820EB65B714DE /* PegTheme.swift in Sources */,
				7462FE62B2B1808B293C0A2F /* PegThemes.swift in Sources */,
				3BAE3B86A3A1A2B27A50E68E /* PhrasePack.swift in Sources */,
				3A955910C491B4B2AC55B5E9 /* PhrasePacks.swift in Sources */,
				A8F365E9FC9BAF1DC847CD3F /* PlayAreaView.swift in Sources */,
				1F370BAB856EAC380B687378 /* PlayPhase.swift in Sources */,
				5C0A0F4234B27CFB27A367E7 /* PrivacyPolicyView.swift in Sources */,
				B647D9AF8A70D9076DC9C8B2 /* ScoreBreakdownView.swift in Sources */,
				785B15D4DE4983A641C004B7 /* Scoring.swift in Sources */,
				6A4D5A1395F5E500F0E6DE40 /* ScoringCalloutView.swift in Sources */,
				9C8A2EB70B44D98BFC487BCE /* ServerModels.swift in Sources */,
				CF42656DF4F6A82D59A6F8E8 /* SettingsView.swift in Sources */,
				96451395D3A6BBB80C172011 /* SoundManager.swift in Sources */,
				90A400B3A13870425DA984DD /* SoundPack.swift in Sources */,
				FA65BC930067FE13615750BE /* SoundPacks.swift in Sources */,
				A55237FC27DE1D86DA51A658 /* StatsManager.swift in Sources */,
				F17628926B25A84AB1F5ADB1 /* StatsView.swift in Sources */,
				9B9F42B02A8142CECA5D5489 /* StoreManager.swift in Sources */,
				AC7A9533BA22F0E343F422CB /* Theme.swift in Sources */,
				D891CAED1209BD22D66B4D57 /* ThemeManager.swift in Sources */,
				25A2A2F286254ED497BE1023 /* ThemePickerView.swift in Sources */,
				7F5685B66362D74456E2E09C /* TutorialOverlayView.swift in Sources */,
				029F8DDE51C91970FD96AA35 /* User.swift in Sources */,
			);
			runOnlyForDeploymentPostprocessing = 0;
		};
/* End PBXSourcesBuildPhase section */

/* Begin PBXTargetDependency section */
		D52D9936D6FC2462931376AD /* PBXTargetDependency */ = {
			isa = PBXTargetDependency;
			target = 45FD731DCF030801FF50CCF5 /* CribbageApp */;
			targetProxy = F77D40751A7E946F4E6DB225 /* PBXContainerItemProxy */;
		};
/* End PBXTargetDependency section */

/* Begin XCBuildConfiguration section */
		06EF2988AADEE99F83590B47 /* Release */ = {
			isa = XCBuildConfiguration;
			buildSettings = {
				ALWAYS_SEARCH_USER_PATHS = NO;
				CLANG_ANALYZER_NONNULL = YES;
				CLANG_ANALYZER_NUMBER_OBJECT_CONVERSION = YES_AGGRESSIVE;
				CLANG_CXX_LANGUAGE_STANDARD = "gnu++14";
				CLANG_CXX_LIBRARY = "libc++";
				CLANG_ENABLE_MODULES = YES;
				CLANG_ENABLE_OBJC_ARC = YES;
				CLANG_ENABLE_OBJC_WEAK = YES;
				CLANG_WARN_BLOCK_CAPTURE_AUTORELEASING = YES;
				CLANG_WARN_BOOL_CONVERSION = YES;
				CLANG_WARN_COMMA = YES;
				CLANG_WARN_CONSTANT_CONVERSION = YES;
				CLANG_WARN_DEPRECATED_OBJC_IMPLEMENTATIONS = YES;
				CLANG_WARN_DIRECT_OBJC_ISA_USAGE = YES_ERROR;
				CLANG_WARN_DOCUMENTATION_COMMENTS = YES;
				CLANG_WARN_EMPTY_BODY = YES;
				CLANG_WARN_ENUM_CONVERSION = YES;
				CLANG_WARN_INFINITE_RECURSION = YES;
				CLANG_WARN_INT_CONVERSION = YES;
				CLANG_WARN_NON_LITERAL_NULL_CONVERSION = YES;
				CLANG_WARN_OBJC_IMPLICIT_RETAIN_SELF = YES;
				CLANG_WARN_OBJC_LITERAL_CONVERSION = YES;
				CLANG_WARN_OBJC_ROOT_CLASS = YES_ERROR;
				CLANG_WARN_QUOTED_INCLUDE_IN_FRAMEWORK_HEADER = YES;
				CLANG_WARN_RANGE_LOOP_ANALYSIS = YES;
				CLANG_WARN_STRICT_PROTOTYPES = YES;
				CLANG_WARN_SUSPICIOUS_MOVE = YES;
				CLANG_WARN_UNGUARDED_AVAILABILITY = YES_AGGRESSIVE;
				CLANG_WARN_UNREACHABLE_CODE = YES;
				CLANG_WARN__DUPLICATE_METHOD_MATCH = YES;
				COPY_PHASE_STRIP = NO;
				DEBUG_INFORMATION_FORMAT = "dwarf-with-dsym";
				ENABLE_NS_ASSERTIONS = NO;
				ENABLE_STRICT_OBJC_MSGSEND = YES;
				ENABLE_USER_SCRIPT_SANDBOXING = NO;
				GCC_C_LANGUAGE_STANDARD = gnu11;
				GCC_NO_COMMON_BLOCKS = YES;
				GCC_WARN_64_TO_32_BIT_CONVERSION = YES;
				GCC_WARN_ABOUT_RETURN_TYPE = YES_ERROR;
				GCC_WARN_UNDECLARED_SELECTOR = YES;
				GCC_WARN_UNINITIALIZED_AUTOS = YES_AGGRESSIVE;
				GCC_WARN_UNUSED_FUNCTION = YES;
				GCC_WARN_UNUSED_VARIABLE = YES;
				IPHONEOS_DEPLOYMENT_TARGET = 17.0;
				MTL_ENABLE_DEBUG_INFO = NO;
				MTL_FAST_MATH = YES;
				PRODUCT_NAME = "$(TARGET_NAME)";
				SDKROOT = iphoneos;
				SWIFT_COMPILATION_MODE = wholemodule;
				SWIFT_OPTIMIZATION_LEVEL = "-O";
				SWIFT_VERSION = 6.0;
			};
			name = Release;
		};
		1AACE08E98FD440B5B5EE555 /* Debug */ = {
			isa = XCBuildConfiguration;
			buildSettings = {
				ALWAYS_SEARCH_USER_PATHS = NO;
				CLANG_ANALYZER_NONNULL = YES;
				CLANG_ANALYZER_NUMBER_OBJECT_CONVERSION = YES_AGGRESSIVE;
				CLANG_CXX_LANGUAGE_STANDARD = "gnu++14";
				CLANG_CXX_LIBRARY = "libc++";
				CLANG_ENABLE_MODULES = YES;
				CLANG_ENABLE_OBJC_ARC = YES;
				CLANG_ENABLE_OBJC_WEAK = YES;
				CLANG_WARN_BLOCK_CAPTURE_AUTORELEASING = YES;
				CLANG_WARN_BOOL_CONVERSION = YES;
				CLANG_WARN_COMMA = YES;
				CLANG_WARN_CONSTANT_CONVERSION = YES;
				CLANG_WARN_DEPRECATED_OBJC_IMPLEMENTATIONS = YES;
				CLANG_WARN_DIRECT_OBJC_ISA_USAGE = YES_ERROR;
				CLANG_WARN_DOCUMENTATION_COMMENTS = YES;
				CLANG_WARN_EMPTY_BODY = YES;
				CLANG_WARN_ENUM_CONVERSION = YES;
				CLANG_WARN_INFINITE_RECURSION = YES;
				CLANG_WARN_INT_CONVERSION = YES;
				CLANG_WARN_NON_LITERAL_NULL_CONVERSION = YES;
				CLANG_WARN_OBJC_IMPLICIT_RETAIN_SELF = YES;
				CLANG_WARN_OBJC_LITERAL_CONVERSION = YES;
				CLANG_WARN_OBJC_ROOT_CLASS = YES_ERROR;
				CLANG_WARN_QUOTED_INCLUDE_IN_FRAMEWORK_HEADER = YES;
				CLANG_WARN_RANGE_LOOP_ANALYSIS = YES;
				CLANG_WARN_STRICT_PROTOTYPES = YES;
				CLANG_WARN_SUSPICIOUS_MOVE = YES;
				CLANG_WARN_UNGUARDED_AVAILABILITY = YES_AGGRESSIVE;
				CLANG_WARN_UNREACHABLE_CODE = YES;
				CLANG_WARN__DUPLICATE_METHOD_MATCH = YES;
				COPY_PHASE_STRIP = NO;
				DEBUG_INFORMATION_FORMAT = dwarf;
				ENABLE_STRICT_OBJC_MSGSEND = YES;
				ENABLE_TESTABILITY = YES;
				ENABLE_USER_SCRIPT_SANDBOXING = NO;
				GCC_C_LANGUAGE_STANDARD = gnu11;
				GCC_DYNAMIC_NO_PIC = NO;
				GCC_NO_COMMON_BLOCKS = YES;
				GCC_OPTIMIZATION_LEVEL = 0;
				GCC_PREPROCESSOR_DEFINITIONS = (
					"$(inherited)",
					"DEBUG=1",
				);
				GCC_WARN_64_TO_32_BIT_CONVERSION = YES;
				GCC_WARN_ABOUT_RETURN_TYPE = YES_ERROR;
				GCC_WARN_UNDECLARED_SELECTOR = YES;
				GCC_WARN_UNINITIALIZED_AUTOS = YES_AGGRESSIVE;
				GCC_WARN_UNUSED_FUNCTION = YES;
				GCC_WARN_UNUSED_VARIABLE = YES;
				IPHONEOS_DEPLOYMENT_TARGET = 17.0;
				MTL_ENABLE_DEBUG_INFO = INCLUDE_SOURCE;
				MTL_FAST_MATH = YES;
				ONLY_ACTIVE_ARCH = YES;
				PRODUCT_NAME = "$(TARGET_NAME)";
				SDKROOT = iphoneos;
				SWIFT_ACTIVE_COMPILATION_CONDITIONS = DEBUG;
				SWIFT_OPTIMIZATION_LEVEL = "-Onone";
				SWIFT_VERSION = 6.0;
			};
			name = Debug;
		};
		7CAA79D70C566AB1D67280CB /* Debug */ = {
			isa = XCBuildConfiguration;
			buildSettings = {
				ASSETCATALOG_COMPILER_APPICON_NAME = AppIcon;
				CODE_SIGN_IDENTITY = "iPhone Developer";
				CURRENT_PROJECT_VERSION = 1;
				GENERATE_INFOPLIST_FILE = YES;
				INFOPLIST_KEY_UIApplicationSceneManifest_Generation = YES;
				INFOPLIST_KEY_UIApplicationSupportsIndirectInputEvents = YES;
				INFOPLIST_KEY_UILaunchScreen_Generation = YES;
				INFOPLIST_KEY_UISupportedInterfaceOrientations_iPad = "UIInterfaceOrientationPortrait UIInterfaceOrientationPortraitUpsideDown UIInterfaceOrientationLandscapeLeft UIInterfaceOrientationLandscapeRight";
				INFOPLIST_KEY_UISupportedInterfaceOrientations_iPhone = UIInterfaceOrientationPortrait;
				LD_RUNPATH_SEARCH_PATHS = (
					"$(inherited)",
					"@executable_path/Frameworks",
				);
				MARKETING_VERSION = 1.0.0;
				PRODUCT_BUNDLE_IDENTIFIER = com.cribbage.CribbageApp;
				SDKROOT = iphoneos;
				SWIFT_STRICT_CONCURRENCY = minimal;
				TARGETED_DEVICE_FAMILY = "1,2";
			};
			name = Debug;
		};
		7DE9F2959235889E5C17D717 /* Release */ = {
			isa = XCBuildConfiguration;
			buildSettings = {
				ASSETCATALOG_COMPILER_APPICON_NAME = AppIcon;
				CODE_SIGN_IDENTITY = "iPhone Developer";
				CURRENT_PROJECT_VERSION = 1;
				GENERATE_INFOPLIST_FILE = YES;
				INFOPLIST_KEY_UIApplicationSceneManifest_Generation = YES;
				INFOPLIST_KEY_UIApplicationSupportsIndirectInputEvents = YES;
				INFOPLIST_KEY_UILaunchScreen_Generation = YES;
				INFOPLIST_KEY_UISupportedInterfaceOrientations_iPad = "UIInterfaceOrientationPortrait UIInterfaceOrientationPortraitUpsideDown UIInterfaceOrientationLandscapeLeft UIInterfaceOrientationLandscapeRight";
				INFOPLIST_KEY_UISupportedInterfaceOrientations_iPhone = UIInterfaceOrientationPortrait;
				LD_RUNPATH_SEARCH_PATHS = (
					"$(inherited)",
					"@executable_path/Frameworks",
				);
				MARKETING_VERSION = 1.0.0;
				PRODUCT_BUNDLE_IDENTIFIER = com.cribbage.CribbageApp;
				SDKROOT = iphoneos;
				SWIFT_COMPILATION_MODE = wholemodule;
				SWIFT_OPTIMIZATION_LEVEL = "-O";
				SWIFT_STRICT_CONCURRENCY = minimal;
				TARGETED_DEVICE_FAMILY = "1,2";
			};
			name = Release;
		};
		DE95E64F54E98566E165F1A1 /* Release */ = {
			isa = XCBuildConfiguration;
			buildSettings = {
				BUNDLE_LOADER = "$(TEST_HOST)";
				GENERATE_INFOPLIST_FILE = YES;
				LD_RUNPATH_SEARCH_PATHS = (
					"$(inherited)",
					"@executable_path/Frameworks",
					"@loader_path/Frameworks",
				);
				PRODUCT_BUNDLE_IDENTIFIER = com.cribbage.CribbageAppTests;
				SDKROOT = iphoneos;
				TARGETED_DEVICE_FAMILY = "1,2";
				TEST_HOST = "$(BUILT_PRODUCTS_DIR)/CribbageApp.app/$(BUNDLE_EXECUTABLE_FOLDER_PATH)/CribbageApp";
			};
			name = Release;
		};
		DF4DAA8467C99C647458C2CD /* Debug */ = {
			isa = XCBuildConfiguration;
			buildSettings = {
				BUNDLE_LOADER = "$(TEST_HOST)";
				GENERATE_INFOPLIST_FILE = YES;
				LD_RUNPATH_SEARCH_PATHS = (
					"$(inherited)",
					"@executable_path/Frameworks",
					"@loader_path/Frameworks",
				);
				PRODUCT_BUNDLE_IDENTIFIER = com.cribbage.CribbageAppTests;
				SDKROOT = iphoneos;
				TARGETED_DEVICE_FAMILY = "1,2";
				TEST_HOST = "$(BUILT_PRODUCTS_DIR)/CribbageApp.app/$(BUNDLE_EXECUTABLE_FOLDER_PATH)/CribbageApp";
			};
			name = Debug;
		};
/* End XCBuildConfiguration section */

/* Begin XCConfigurationList section */
		1369EA80CD258DBA59ACCEA4 /* Build configuration list for PBXProject "CribbageApp" */ = {
			isa = XCConfigurationList;
			buildConfigurations = (
				1AACE08E98FD440B5B5EE555 /* Debug */,
				06EF2988AADEE99F83590B47 /* Release */,
			);
			defaultConfigurationIsVisible = 0;
			defaultConfigurationName = Debug;
		};
		29FD3120C3A6B5D8E217DEC0 /* Build configuration list for PBXNativeTarget "CribbageAppTests" */ = {
			isa = XCConfigurationList;
			buildConfigurations = (
				DF4DAA8467C99C647458C2CD /* Debug */,
				DE95E64F54E98566E165F1A1 /* Release */,
			);
			defaultConfigurationIsVisible = 0;
			defaultConfigurationName = Debug;
		};
		BF3EC7737F50F6BE3674386F /* Build configuration list for PBXNativeTarget "CribbageApp" */ = {
			isa = XCConfigurationList;
			buildConfigurations = (
				7CAA79D70C566AB1D67280CB /* Debug */,
				7DE9F2959235889E5C17D717 /* Release */,
			);
			defaultConfigurationIsVisible = 0;
			defaultConfigurationName = Debug;
		};
/* End XCConfigurationList section */

/* Begin XCRemoteSwiftPackageReference section */
		8A79EC6B3A0BCFE4922FF903 /* XCRemoteSwiftPackageReference "SwiftSDK" */ = {
			isa = XCRemoteSwiftPackageReference;
			repositoryURL = "https://github.com/TelemetryDeck/SwiftSDK";
			requirement = {
				kind = upToNextMajorVersion;
				minimumVersion = 2.0.0;
			};
		};
/* End XCRemoteSwiftPackageReference section */

/* Begin XCSwiftPackageProductDependency section */
		3AEC2AA2F19ECFF6ADC05960 /* TelemetryDeck */ = {
			isa = XCSwiftPackageProductDependency;
			package = 8A79EC6B3A0BCFE4922FF903 /* XCRemoteSwiftPackageReference "SwiftSDK" */;
			productName = TelemetryDeck;
		};
/* End XCSwiftPackageProductDependency section */
	};
	rootObject = BD42E3C65A71947C76621891 /* Project object */;
}
